
Microsoft Visual Studio Solution File, Format Version 12.00
# Visual Studio Version 17
VisualStudioVersion = 17.0.31903.59
MinimumVisualStudioVersion = 10.0.40219.1
Project("{2150E333-8FDC-42A3-9474-1A3956D46DE8}") = "src", "src", "{827E0CD3-B72D-47B6-A68D-7590B98EB39B}"
EndProject
Project("{FAE04EC0-301F-11D3-BF4B-00C04F79EFBC}") = "DnsSwitcher.Core", "src\DnsSwitcher.Core\DnsSwitcher.Core.csproj", "{ADD1A76D-7CE8-43DC-8FE2-275C0BE2ED73}"
EndProject
Project("{FAE04EC0-301F-11D3-BF4B-00C04F79EFBC}") = "DnsSwitcher.Infrastructure.Windows", "src\DnsSwitcher.Infrastructure.Windows\DnsSwitcher.Infrastructure.Windows.csproj", "{B7266341-AF83-46F4-9479-B870D8407A66}"
EndProject
Project("{FAE04EC0-301F-11D3-BF4B-00C04F79EFBC}") = "DnsSwitcher.Cli", "src\DnsSwitcher.Cli\DnsSwitcher.Cli.csproj", "{9E2EAE50-63C4-4F5D-BEF7-F32A0EB576D5}"
EndProject
Project("{FAE04EC0-301F-11D3-BF4B-00C04F79EFBC}") = "DnsSwitcher.Ui", "src\DnsSwitcher.Ui\DnsSwitcher.Ui.csproj", "{EAC90F0B-F663-4A06-8CE7-878E0A6107B7}"
EndProject
Project("{FAE04EC0-301F-11D3-BF4B-00C04F79EFBC}") = "DnsSwitcher.Tray", "src\DnsSwitcher.Tray\DnsSwitcher.Tray.csproj", "{098B4D53-1B0E-4C3D-8C48-55A8FF631763}"
EndProject
Project("{2150E333-8FDC-42A3-9474-1A3956D46DE8}") = "tests", "tests", "{0AB3BF05-4346-4AA6-1389-037BE0695223}"
EndProject
Project("{FAE04EC0-301F-11D3-BF4B-00C04F79EFBC}") = "DnsSwitcher.Tests", "tests\DnsSwitcher.Tests\DnsSwitcher.Tests.csproj", "{21B06106-8E60-410B-8595-4264E692C4A4}"
EndProject
Project("{FAE04EC0-301F-11D3-BF4B-00C04F79EFBC}") = "DnsSwitcher.Agent.Windows", "src\DnsSwitcher.Agent.Windows\DnsSwitcher.Agent.Windows.csproj", "{A45F2F1B-2555-46A5-8815-791968DD0B4B}"
EndProject
Project("{FAE04EC0-301F-11D3-BF4B-00C04F79EFBC}") = "DnsSwitcher.Contracts", "src\DnsSwitcher.Contracts\DnsSwitcher.Contracts.csproj", "{1451EE9A-9DB4-46AB-89F2-A1BD57C1CEF0}"
EndProject
Global
	GlobalSection(SolutionConfigurationPlatforms) = preSolution
		Debug|Any CPU = Debug|Any CPU
		Debug|x64 = Debug|x64
		Debug|x86 = Debug|x86
		Release|Any CPU = Release|Any CPU
		Release|x64 = Release|x64
		Release|x86 = Release|x86
	EndGlobalSection
	GlobalSection(ProjectConfigurationPlatforms) = postSolution
		{ADD1A76D-7CE8-43DC-8FE2-275C0BE2ED73}.Debug|Any CPU.ActiveCfg = Debug|Any CPU
		{ADD1A76D-7CE8-43DC-8FE2-275C0BE2ED73}.Debug|Any CPU.Build.0 = Debug|Any CPU
		{ADD1A76D-7CE8-43DC-8FE2-275C0BE2ED73}.Debug|x64.ActiveCfg = Debug|Any CPU
		{ADD1A76D-7CE8-43DC-8FE2-275C0BE2ED73}.Debug|x64.Build.0 = Debug|Any CPU
		{ADD1A76D-7CE8-43DC-8FE2-275C0BE2ED73}.Debug|x86.ActiveCfg = Debug|Any CPU
		{ADD1A76D-7CE8-43DC-8FE2-275C0BE2ED73}.Debug|x86.Build.0 = Debug|Any CPU
		{ADD1A76D-7CE8-43DC-8FE2-275C0BE2ED73}.Release|Any CPU.ActiveCfg = Release|Any CPU
		{ADD1A76D-7CE8-43DC-8FE2-275C0BE2ED73}.Release|Any CPU.Build.0 = Release|Any CPU
		{ADD1A76D-7CE8-43DC-8FE2-275C0BE2ED73}.Release|x64.ActiveCfg = Release|Any CPU
		{ADD1A76D-7CE8-43DC-8FE2-275C0BE2ED73}.Release|x64.Build.0 = Release|Any CPU
		{ADD1A76D-7CE8-43DC-8FE2-275C0BE2ED73}.Release|x86.ActiveCfg = Release|Any CPU
		{ADD1A76D-7CE8-43DC-8FE2-275C0BE2ED73}.Release|x86.Build.0 = Release|Any CPU
		{B7266341-AF83-46F4-9479-B870D8407A66}.Debug|Any CPU.ActiveCfg = Debug|Any CPU
		{B7266341-AF83-46F4-9479-B870D8407A66}.Debug|Any CPU.Build.0 = Debug|Any CPU
		{B7266341-AF83-46F4-9479-B870D8407A66}.Debug|x64.ActiveCfg = Debug|Any CPU
		{B7266341-AF83-46F4-9479-B870D8407A66}.Debug|x64.Build.0 = Debug|Any CPU
		{B7266341-AF83-46F4-9479-B870D8407A66}.Debug|x86.ActiveCfg = Debug|Any CPU
		{B7266341-AF83-46F4-9479-B870D8407A66}.Debug|x86.Build.0 = Debug|Any CPU
		{B7266341-AF83-46F4-9479-B870D8407A66}.Release|Any CPU.ActiveCfg = Release|Any CPU
		{B7266341-AF83-46F4-9479-B870D8407A66}.Release|Any CPU.Build.0 = Release|Any CPU
		{B7266341-AF83-46F4-9479-B870D8407A66}.Release|x64.ActiveCfg = Release|Any CPU
		{B7266341-AF83-46F4-9479-B870D8407A66}.Release|x64.Build.0 = Release|Any CPU
		{B7266341-AF83-46F4-9479-B870D8407A66}.Release|x86.ActiveCfg = Release|Any CPU
		{B7266341-AF83-46F4-9479-B870D8407A66}.Release|x86.Build.0 = Release|Any CPU
		{9E2EAE50-63C4-4F5D-BEF7-F32A0EB576D5}.Debug|Any CPU.ActiveCfg = Debug|Any CPU
		{9E2EAE50-63C4-4F5D-BEF7-F32A0EB576D5}.Debug|Any CPU.Build.0 = Debug|Any CPU
		{9E2EAE50-63C4-4F5D-BEF7-F32A0EB576D5}.Debug|x64.ActiveCfg = Debug|Any CPU
		{9E2EAE50-63C4-4F5D-BEF7-F32A0EB576D5}.Debug|x64.Build.0 = Debug|Any CPU
		{9E2EAE50-63C4-4F5D-BEF7-F32A0EB576D5}.Debug|x86.ActiveCfg = Debug|Any CPU
		{9E2EAE50-63C4-4F5D-BEF7-F32A0EB576D5}.Debug|x86.Build.0 = Debug|Any CPU
		{9E2EAE50-63C4-4F5D-BEF7-F32A0EB576D5}.Release|Any CPU.ActiveCfg = Release|Any CPU
		{9E2EAE50-63C4-4F5D-BEF7-F32A0EB576D5}.Release|Any CPU.Build.0 = Release|Any CPU
		{9E2EAE50-63C4-4F5D-BEF7-F32A0EB576D5}.Release|x64.ActiveCfg = Release|Any CPU
		{9E2EAE50-63C4-4F5D-BEF7-F32A0EB576D5}.Release|x64.Build.0 = Release|Any CPU
		{9E2EAE50-63C4-4F5D-BEF7-F32A0EB576D5}.Release|x86.ActiveCfg = Release|Any CPU
		{9E2EAE50-63C4-4F5D-BEF7-F32A0EB576D5}.Release|x86.Build.0 = Release|Any CPU
		{EAC90F0B-F663-4A06-8CE7-878E0A6107B7}.Debug|Any CPU.ActiveCfg = Debug|Any CPU
		{EAC90F0B-F663-4A06-8CE7-878E0A6107B7}.Debug|Any CPU.Build.0 = Debug|Any CPU
		{EAC90F0B-F663-4A06-8CE7-878E0A6107B7}.Debug|x64.ActiveCfg = Debug|Any CPU
		{EAC90F0B-F663-4A06-8CE7-878E0A6107B7}.Debug|x64.Build.0 = Debug|Any CPU
		{EAC90F0B-F663-4A06-8CE7-878E0A6107B7}.Debug|x86.ActiveCfg = Debug|Any CPU
		{EAC90F0B-F663-4A06-8CE7-878E0A6107B7}.Debug|x86.Build.0 = Debug|Any CPU
		{EAC90F0B-F663-4A06-8CE7-878E0A6107B7}.Release|Any CPU.ActiveCfg = Release|Any CPU
		{EAC90F0B-F663-4A06-8CE7-878E0A6107B7}.Release|Any CPU.Build.0 = Release|Any CPU
		{EAC90F0B-F663-4A06-8CE7-878E0A6107B7}.Release|x64.ActiveCfg = Release|Any CPU
		{EAC90F0B-F663-4A06-8CE7-878E0A6107B7}.Release|x64.Build.0 = Release|Any CPU
		{EAC90F0B-F663-4A06-8CE7-878E0A6107B7}.Release|x86.ActiveCfg = Release|Any CPU
		{EAC90F0B-F663-4A06-8CE7-878E0A6107B7}.Release|x86.Build.0 = Release|Any CPU
		{098B4D53-1B0E-4C3D-8C48-55A8FF631763}.Debug|Any CPU.ActiveCfg = Debug|Any CPU
		{098B4D53-1B0E-4C3D-8C48-55A8FF631763}.Debug|Any CPU.Build.0 = Debug|Any CPU
		{098B4D53-1B0E-4C3D-8C48-55A8FF631763}.Debug|x64.ActiveCfg = Debug|Any CPU
		{098B4D53-1B0E-4C3D-8C48-55A8FF631763}.Debug|x64.Build.0 = Debug|Any CPU
		{098B4D53-1B0E-4C3D-8C48-55A8FF631763}.Debug|x86.ActiveCfg = Debug|Any CPU
		{098B4D53-1B0E-4C3D-8C48-55A8FF631763}.Debug|x86.Build.0 = Debug|Any CPU
		{098B4D53-1B0E-4C3D-8C48-55A8FF631763}.Release|Any CPU.ActiveCfg = Release|Any CPU
		{098B4D53-1B0E-4C3D-8C48-55A8FF631763}.Release|Any CPU.Build.0 = Release|Any CPU
		{098B4D53-1B0E-4C3D-8C48-55A8FF631763}.Release|x64.ActiveCfg = Release|Any CPU
		{098B4D53-1B0E-4C3D-8C48-55A8FF631763}.Release|x64.Build.0 = Release|Any CPU
		{098B4D53-1B0E-4C3D-8C48-55A8FF631763}.Release|x86.ActiveCfg = Release|Any CPU
		{098B4D53-1B0E-4C3D-8C48-55A8FF631763}.Release|x86.Build.0 = Release|Any CPU
		{21B06106-8E60-410B-8595-4264E692C4A4}.Debug|Any CPU.ActiveCfg = Debug|Any CPU
		{21B06106-8E60-410B-8595-4264E692C4A4}.Debug|Any CPU.Build.0 = Debug|Any CPU
		{21B06106-8E60-410B-8595-4264E692C4A4}.Debug|x64.ActiveCfg = Debug|Any CPU
		{21B06106-8E60-410B-8595-4264E692C4A4}.Debug|x64.Build.0 = Debug|Any CPU
		{21B06106-8E60-410B-8595-4264E692C4A4}.Debug|x86.ActiveCfg = Debug|Any CPU
		{21B06106-8E60-410B-8595-4264E692C4A4}.Debug|x86.Build.0 = Debug|Any CPU
		{21B06106-8E60-410B-8595-4264E692C4A4}.Release|Any CPU.ActiveCfg = Release|Any CPU
		{21B06106-8E60-410B-8595-4264E692C4A4}.Release|Any CPU.Build.0 = Release|Any CPU
		{21B06106-8E60-410B-8595-4264E692C4A4}.Release|x64.ActiveCfg = Release|Any CPU
		{21B06106-8E60-410B-8595-4264E692C4A4}.Release|x64.Build.0 = Release|Any CPU
		{21B06106-8E60-410B-8595-4264E692C4A4}.Release|x86.ActiveCfg = Release|Any CPU
		{21B06106-8E60-410B-8595-4264E692C4A4}.Release|x86.Build.0 = Release|Any CPU
		{A45F2F1B-2555-46A5-8815-791968DD0B4B}.Debug|Any CPU.ActiveCfg = Debug|Any CPU
		{A45F2F1B-2555-46A5-8815-791968DD0B4B}.Debug|Any CPU.Build.0 = Debug|Any CPU
		{A45F2F1B-2555-46A5-8815-791968DD0B4B}.Debug|x64.ActiveCfg = Debug|Any CPU
		{A45F2F1B-2555-46A5-8815-791968DD0B4B}.Debug|x64.Build.0 = Debug|Any CPU
		{A45F2F1B-2555-46A5-8815-791968DD0B4B}.Debug|x86.ActiveCfg = Debug|Any CPU
		{A45F2F1B-2555-46A5-8815-791968DD0B4B}.Debug|x86.Build.0 = Debug|Any CPU
		{A45F2F1B-2555-46A5-8815-791968DD0B4B}.Release|Any CPU.ActiveCfg = Release|Any CPU
		{A45F2F1B-2555-46A5-8815-791968DD0B4B}.Release|Any CPU.Build.0 = Release|Any CPU
		{A45F2F1B-2555-46A5-8815-791968DD0B4B}.Release|x64.ActiveCfg = Release|Any CPU
		{A45F2F1B-2555-46A5-8815-791968DD0B4B}.Release|x64.Build.0 = Release|Any CPU
		{A45F2F1B-2555-46A5-8815-791968DD0B4B}.Release|x86.ActiveCfg = Release|Any CPU
		{A45F2F1B-2555-46A5-8815-791968DD0B4B}.Release|x86.Build.0 = Release|Any CPU
		{1451EE9A-9DB4-46AB-89F2-A1BD57C1CEF0}.Debug|Any CPU.ActiveCfg = Debug|Any CPU
		{1451EE9A-9DB4-46AB-89F2-A1BD57C1CEF0}.Debug|Any CPU.Build.0 = Debug|Any CPU
		{1451EE9A-9DB4-46AB-89F2-A1BD57C1CEF0}.Debug|x64.ActiveCfg = Debug|Any CPU
		{1451EE9A-9DB4-46AB-89F2-A1BD57C1CEF0}.Debug|x64.Build.0 = Debug|Any CPU
		{1451EE9A-9DB4-46AB-89F2-A1BD57C1CEF0}.Debug|x86.ActiveCfg = Debug|Any CPU
		{1451EE9A-9DB4-46AB-89F2-A1BD57C1CEF0}.Debug|x86.Build.0 = Debug|Any CPU
		{1451EE9A-9DB4-46AB-89F2-A1BD57C1CEF0}.Release|Any CPU.ActiveCfg = Release|Any CPU
		{1451EE9A-9DB4-46AB-89F2-A1BD57C1CEF0}.Release|Any CPU.Build.0 = Release|Any CPU
		{1451EE9A-9DB4-46AB-89F2-A1BD57C1CEF0}.Release|x64.ActiveCfg = Release|Any CPU
		{1451EE9A-9DB4-46AB-89F2-A1BD57C1CEF0}.Release|x64.Build.0 = Release|Any CPU
		{1451EE9A-9DB4-46AB-89F2-A1BD57C1CEF0}.Release|x86.ActiveCfg = Release|Any CPU
		{1451EE9A-9DB4-46AB-89F2-A1BD57C1CEF0}.Release|x86.Build.0 = Release|Any CPU
	EndGlobalSection
	GlobalSection(SolutionProperties) = preSolution
		HideSolutionNode = FALSE
	EndGlobalSection
	GlobalSection(NestedProjects) = preSolution
		{ADD1A76D-7CE8-43DC-8FE2-275C0BE2ED73} = {827E0CD3-B72D-47B6-A68D-7590B98EB39B}
		{B7266341-AF83-46F4-9479-B870D8407A66} = {827E0CD3-B72D-47B6-A68D-7590B98EB39B}
		{9E2EAE50-63C4-4F5D-BEF7-F32A0EB576D5} = {827E0CD3-B72D-47B6-A68D-7590B98EB39B}
		{EAC90F0B-F663-4A06-8CE7-878E0A6107B7} = {827E0CD3-B72D-47B6-A68D-7590B98EB39B}
		{098B4D53-1B0E-4C3D-8C48-55A8FF631763} = {827E0CD3-B72D-47B6-A68D-7590B98EB39B}
		{21B06106-8E60-410B-8595-4264E692C4A4} = {0AB3BF05-4346-4AA6-1389-037BE0695223}
		{A45F2F1B-2555-46A5-8815-791968DD0B4B} = {827E0CD3-B72D-47B6-A68D-7590B98EB39B}
		{1451EE9A-9DB4-46AB-89F2-A1BD57C1CEF0} = {827E0CD3-B72D-47B6-A68D-7590B98EB39B}
	EndGlobalSection
EndGlobal
